// !$*UTF8*$!
{
	archiveVersion = 1;
	classes = {
	};
	objectVersion = 46;
	objects = {

/* Begin PBXBuildFile section */
		EF00BE391D06B055007BED2B /* main.m in Sources */ = {isa = PBXBuildFile; fileRef = EF00BE381D06B055007BED2B /* main.m */; };
		EF00BE3C1D06B055007BED2B /* AppDelegate.m in Sources */ = {isa = PBXBuildFile; fileRef = EF00BE3B1D06B055007BED2B /* AppDelegate.m */; };
		EF00BE3F1D06B055007BED2B /* ViewController.m in Sources */ = {isa = PBXBuildFile; fileRef = EF00BE3E1D06B055007BED2B /* ViewController.m */; };
		EF00BE421D06B055007BED2B /* Main.storyboard in Resources */ = {isa = PBXBuildFile; fileRef = EF00BE401D06B055007BED2B /* Main.storyboard */; };
		EF00BE441D06B055007BED2B /* Assets.xcassets in Resources */ = {isa = PBXBuildFile; fileRef = EF00BE431D06B055007BED2B /* Assets.xcassets */; };
		EF00BE471D06B055007BED2B /* LaunchScreen.storyboard in Resources */ = {isa = PBXBuildFile; fileRef = EF00BE451D06B055007BED2B /* LaunchScreen.storyboard */; };
		EF00BE521D06B055007BED2B /* DemoProjectTests.m in Sources */ = {isa = PBXBuildFile; fileRef = EF00BE511D06B055007BED2B /* DemoProjectTests.m */; };
		EF00BE641D06B19A007BED2B /* MSSet.m in Sources */ = {isa = PBXBuildFile; fileRef = EF00BE611D06B19A007BED2B /* MSSet.m */; };
		EF00BE651D06B19A007BED2B /* MSVennDiagram.m in Sources */ = {isa = PBXBuildFile; fileRef = EF00BE631D06B19A007BED2B /* MSVennDiagram.m */; };
/* End PBXBuildFile section */

/* Begin PBXContainerItemProxy section */
		EF00BE4E1D06B055007BED2B /* PBXContainerItemProxy */ = {
			isa = PBXContainerItemProxy;
			containerPortal = EF00BE2C1D06B055007BED2B /* Project object */;
			proxyType = 1;
			remoteGlobalIDString = EF00BE331D06B055007BED2B;
			remoteInfo = DemoProject;
		};
/* End PBXContainerItemProxy section */

/* Begin PBXFileReference section */
		EF00BE341D06B055007BED2B /* DemoProject.app */ = {isa = PBXFileReference; explicitFileType = wrapper.application; includeInIndex = 0; path = DemoProject.app; sourceTree = BUILT_PRODUCTS_DIR; };
		EF00BE381D06B055007BED2B /* main.m */ = {isa = PBXFileReference; lastKnownFileType = sourcecode.c.objc; path = main.m; sourceTree = "<group>"; };
		EF00BE3A1D06B055007BED2B /* AppDelegate.h */ = {isa = PBXFileReference; lastKnownFileType = sourcecode.c.h; path = AppDelegate.h; sourceTree = "<group>"; };
		EF00BE3B1D06B055007BED2B /* AppDelegate.m */ = {isa = PBXFileReference; lastKnownFileType = sourcecode.c.objc; path = AppDelegate.m; sourceTree = "<group>"; };
		EF00BE3D1D06B055007BED2B /* ViewController.h */ = {isa = PBXFileReference; lastKnownFileType = sourcecode.c.h; path = ViewController.h; sourceTree = "<group>"; };
		EF00BE3E1D06B055007BED2B /* ViewController.m */ = {isa = PBXFileReference; lastKnownFileType = sourcecode.c.objc; path = ViewController.m; sourceTree = "<group>"; };
		EF00BE411D06B055007BED2B /* Base */ = {isa = PBXFileReference; lastKnownFileType = file.storyboard; name = Base; path = Base.lproj/Main.storyboard; sourceTree = "<group>"; };
		EF00BE431D06B055007BED2B /* Assets.xcassets */ = {isa = PBXFileReference; lastKnownFileType = folder.assetcatalog; path = Assets.xcassets; sourceTree = "<group>"; };
		EF00BE461D06B055007BED2B /* Base */ = {isa = PBXFileReference; lastKnownFileType = file.storyboard; name = Base; path = Base.lproj/LaunchScreen.storyboard; sourceTree = "<group>"; };
		EF00BE481D06B055007BED2B /* Info.plist */ = {isa = PBXFileReference; lastKnownFileType = text.plist.xml; path = Info.plist; sourceTree = "<group>"; };
		EF00BE4D1D06B055007BED2B /* DemoProjectTests.xctest */ = {isa = PBXFileReference; explicitFileType = wrapper.cfbundle; includeInIndex = 0; path = DemoProjectTests.xctest; sourceTree = BUILT_PRODUCTS_DIR; };
		EF00BE511D06B055007BED2B /* DemoProjectTests.m */ = {isa = PBXFileReference; lastKnownFileType = sourcecode.c.objc; path = DemoProjectTests.m; sourceTree = "<group>"; };
		EF00BE531D06B055007BED2B /* Info.plist */ = {isa = PBXFileReference; lastKnownFileType = text.plist.xml; path = Info.plist; sourceTree = "<group>"; };
		EF00BE601D06B19A007BED2B /* MSSet.h */ = {isa = PBXFileReference; fileEncoding = 4; lastKnownFileType = sourcecode.c.h; name = MSSet.h; path = ../../VennDiagram/MSSet.h; sourceTree = "<group>"; };
		EF00BE611D06B19A007BED2B /* MSSet.m */ = {isa = PBXFileReference; fileEncoding = 4; lastKnownFileType = sourcecode.c.objc; name = MSSet.m; path = ../../VennDiagram/MSSet.m; sourceTree = "<group>"; };
		EF00BE621D06B19A007BED2B /* MSVennDiagram.h */ = {isa = PBXFileReference; fileEncoding = 4; lastKnownFileType = sourcecode.c.h; name = MSVennDiagram.h; path = ../../VennDiagram/MSVennDiagram.h; sourceTree = "<group>"; };
		EF00BE631D06B19A007BED2B /* MSVennDiagram.m */ = {isa = PBXFileReference; fileEncoding = 4; lastKnownFileType = sourcecode.c.objc; name = MSVennDiagram.m; path = ../../VennDiagram/MSVennDiagram.m; sourceTree = "<group>"; };
/* End PBXFileReference section */

/* Begin PBXFrameworksBuildPhase section */
		EF00BE311D06B055007BED2B /* Frameworks */ = {
			isa = PBXFrameworksBuildPhase;
			buildActionMask = 2147483647;
			files = (
			);
			runOnlyForDeploymentPostprocessing = 0;
		};
		EF00BE4A1D06B055007BED2B /* Frameworks */ = {
			isa = PBXFrameworksBuildPhase;
			buildActionMask = 2147483647;
			files = (
			);
			runOnlyForDeploymentPostprocessing = 0;
		};
/* End PBXFrameworksBuildPhase section */

/* Begin PBXGroup section */
		EF00BE2B1D06B055007BED2B = {
			isa = PBXGroup;
			children = (
				EF00BE361D06B055007BED2B /* DemoProject */,
				EF00BE501D06B055007BED2B /* DemoProjectTests */,
				EF00BE351D06B055007BED2B /* Products */,
			);
			sourceTree = "<group>";
		};
		EF00BE351D06B055007BED2B /* Products */ = {
			isa = PBXGroup;
			children = (
				EF00BE341D06B055007BED2B /* DemoProject.app */,
				EF00BE4D1D06B055007BED2B /* DemoProjectTests.xctest */,
			);
			name = Products;
			sourceTree = "<group>";
		};
		EF00BE361D06B055007BED2B /* DemoProject */ = {
			isa = PBXGroup;
			children = (
				EF00BE661D06B1A4007BED2B /* VennDiagram */,
				EF00BE3A1D06B055007BED2B /* AppDelegate.h */,
				EF00BE3B1D06B055007BED2B /* AppDelegate.m */,
				EF00BE3D1D06B055007BED2B /* ViewController.h */,
				EF00BE3E1D06B055007BED2B /* ViewController.m */,
				EF00BE401D06B055007BED2B /* Main.storyboard */,
				EF00BE431D06B055007BED2B /* Assets.xcassets */,
				EF00BE451D06B055007BED2B /* LaunchScreen.storyboard */,
				EF00BE481D06B055007BED2B /* Info.plist */,
				EF00BE371D06B055007BED2B /* Supporting Files */,
			);
			path = DemoProject;
			sourceTree = "<group>";
		};
		EF00BE371D06B055007BED2B /* Supporting Files */ = {
			isa = PBXGroup;
			children = (
				EF00BE381D06B055007BED2B /* main.m */,
			);
			name = "Supporting Files";
			sourceTree = "<group>";
		};
		EF00BE501D06B055007BED2B /* DemoProjectTests */ = {
			isa = PBXGroup;
			children = (
				EF00BE511D06B055007BED2B /* DemoProjectTests.m */,
				EF00BE531D06B055007BED2B /* Info.plist */,
			);
			path = DemoProjectTests;
			sourceTree = "<group>";
		};
		EF00BE661D06B1A4007BED2B /* VennDiagram */ = {
			isa = PBXGroup;
			children = (
				EF00BE601D06B19A007BED2B /* MSSet.h */,
				EF00BE611D06B19A007BED2B /* MSSet.m */,
				EF00BE621D06B19A007BED2B /* MSVennDiagram.h */,
				EF00BE631D06B19A007BED2B /* MSVennDiagram.m */,
			);
			name = VennDiagram;
			sourceTree = "<group>";
		};
/* End PBXGroup section */

/* Begin PBXNativeTarget section */
		EF00BE331D06B055007BED2B /* DemoProject */ = {
			isa = PBXNativeTarget;
			buildConfigurationList = EF00BE561D06B055007BED2B /* Build configuration list for PBXNativeTarget "DemoProject" */;
			buildPhases = (
				EF00BE301D06B055007BED2B /* Sources */,
				EF00BE311D06B055007BED2B /* Frameworks */,
				EF00BE321D06B055007BED2B /* Resources */,
			);
			buildRules = (
			);
			dependencies = (
			);
			name = DemoProject;
			productName = DemoProject;
			productReference = EF00BE341D06B055007BED2B /* DemoProject.app */;
			productType = "com.apple.product-type.application";
		};
		EF00BE4C1D06B055007BED2B /* DemoProjectTests */ = {
			isa = PBXNativeTarget;
			buildConfigurationList = EF00BE591D06B055007BED2B /* Build configuration list for PBXNativeTarget "DemoProjectTests" */;
			buildPhases = (
				EF00BE491D06B055007BED2B /* Sources */,
				EF00BE4A1D06B055007BED2B /* Frameworks */,
				EF00BE4B1D06B055007BED2B /* Resources */,
			);
			buildRules = (
			);
			dependencies = (
				EF00BE4F1D06B055007BED2B /* PBXTargetDependency */,
			);
			name = DemoProjectTests;
			productName = DemoProjectTests;
			productReference = EF00BE4D1D06B055007BED2B /* DemoProjectTests.xctest */;
			productType = "com.apple.product-type.bundle.unit-test";
		};
/* End PBXNativeTarget section */

/* Begin PBXProject section */
		EF00BE2C1D06B055007BED2B /* Project object */ = {
			isa = PBXProject;
			attributes = {
				LastUpgradeCheck = 0730;
				ORGANIZATIONNAME = "Masud Shuvo";
				TargetAttributes = {
					EF00BE331D06B055007BED2B = {
						CreatedOnToolsVersion = 7.3;
					};
					EF00BE4C1D06B055007BED2B = {
						CreatedOnToolsVersion = 7.3;
						TestTargetID = EF00BE331D06B055007BED2B;
					};
				};
			};
			buildConfigurationList = EF00BE2F1D06B055007BED2B /* Build configuration list for PBXProject "DemoProject" */;
			compatibilityVersion = "Xcode 3.2";
			developmentRegion = English;
			hasScannedForEncodings = 0;
			knownRegions = (
				en,
				Base,
			);
			mainGroup = EF00BE2B1D06B055007BED2B;
			productRefGroup = EF00BE351D06B055007BED2B /* Products */;
			projectDirPath = "";
			projectRoot = "";
			targets = (
				EF00BE331D06B055007BED2B /* DemoProject */,
				EF00BE4C1D06B055007BED2B /* DemoProjectTests */,
			);
		};
/* End PBXProject section */

/* Begin PBXResourcesBuildPhase section */
		EF00BE321D06B055007BED2B /* Resources */ = {
			isa = PBXResourcesBuildPhase;
			buildActionMask = 2147483647;
			files = (
				EF00BE471D06B055007BED2B /* LaunchScreen.storyboard in Resources */,
				EF00BE441D06B055007BED2B /* Assets.xcassets in Resources */,
				EF00BE421D06B055007BED2B /* Main.storyboard in Resources */,
			);
			runOnlyForDeploymentPostprocessing = 0;
		};
		EF00BE4B1D06B055007BED2B /* Resources */ = {
			isa = PBXResourcesBuildPhase;
			buildActionMask = 2147483647;
			files = (
			);
			runOnlyForDeploymentPostprocessing = 0;
		};
/* End PBXResourcesBuildPhase section */

/* Begin PBXSourcesBuildPhase section */
		EF00BE301D06B055007BED2B /* Sources */ = {
			isa = PBXSourcesBuildPhase;
			buildActionMask = 2147483647;
			files = (
				EF00BE3F1D06B055007BED2B /* ViewController.m in Sources */,
				EF00BE3C1D06B055007BED2B /* AppDelegate.m in Sources */,
				EF00BE641D06B19A007BED2B /* MSSet.m in Sources */,
				EF00BE651D06B19A007BED2B /* MSVennDiagram.m in Sources */,
				EF00BE391D06B055007BED2B /* main.m in Sources */,
			);
			runOnlyForDeploymentPostprocessing = 0;
		};
		EF00BE491D06B055007BED2B /* Sources */ = {
			isa = PBXSourcesBuildPhase;
			buildActionMask = 2147483647;
			files = (
				EF00BE521D06B055007BED2B /* DemoProjectTests.m in Sources */,
			);
			runOnlyForDeploymentPostprocessing = 0;
		};
/* End PBXSourcesBuildPhase section */

/* Begin PBXTargetDependency section */
		EF00BE4F1D06B055007BED2B /* PBXTargetDependency */ = {
			isa = PBXTargetDependency;
			target = EF00BE331D06B055007BED2B /* DemoProject */;
			targetProxy = EF00BE4E1D06B055007BED2B /* PBXContainerItemProxy */;
		};
/* End PBXTargetDependency section */

/* Begin PBXVariantGroup section */
		EF00BE401D06B055007BED2B /* Main.storyboard */ = {
			isa = PBXVariantGroup;
			children = (
				EF00BE411D06B055007BED2B /* Base */,
			);
			name = Main.storyboard;
			sourceTree = "<group>";
		};
		EF00BE451D06B055007BED2B /* LaunchScreen.storyboard */ = {
			isa = PBXVariantGroup;
			children = (
				EF00BE461D06B055007BED2B /* Base */,
			);
			name = LaunchScreen.storyboard;
			sourceTree = "<group>";
		};
/* End PBXVariantGroup section */

/* Begin XCBuildConfiguration section */
		EF00BE541D06B055007BED2B /* Debug */ = {
			isa = XCBuildConfiguration;
			buildSettings = {
				ALWAYS_SEARCH_USER_PATHS = NO;
				CLANG_ANALYZER_NONNULL = YES;
				CLANG_CXX_LANGUAGE_STANDARD = "gnu++0x";
				CLANG_CXX_LIBRARY = "libc++";
				CLANG_ENABLE_MODULES = YES;
				CLANG_ENABLE_OBJC_ARC = YES;
				CLANG_WARN_BOOL_CONVERSION = YES;
				CLANG_WARN_CONSTANT_CONVERSION = YES;
				CLANG_WARN_DIRECT_OBJC_ISA_USAGE = YES_ERROR;
				CLANG_WARN_EMPTY_BODY = YES;
				CLANG_WARN_ENUM_CONVERSION = YES;
				CLANG_WARN_INT_CONVERSION = YES;
				CLANG_WARN_OBJC_ROOT_CLASS = YES_ERROR;
				CLANG_WARN_UNREACHABLE_CODE = YES;
				CLANG_WARN__DUPLICATE_METHOD_MATCH = YES;
				"CODE_SIGN_IDENTITY[sdk=iphoneos*]" = "iPhone Developer";
				COPY_PHASE_STRIP = NO;
				DEBUG_INFORMATION_FORMAT = dwarf;
				ENABLE_STRICT_OBJC_MSGSEND = YES;
				ENABLE_TESTABILITY = YES;
				GCC_C_LANGUAGE_STANDARD = gnu99;
				GCC_DYNAMIC_NO_PIC = NO;
				GCC_NO_COMMON_BLOCKS = YES;
				GCC_OPTIMIZATION_LEVEL = 0;
				GCC_PREPROCESSOR_DEFINITIONS = (
					"DEBUG=1",
					"$(inherited)",
				);
				GCC_WARN_64_TO_32_BIT_CONVERSION = YES;
				GCC_WARN_ABOUT_RETURN_TYPE = YES_ERROR;
				GCC_WARN_UNDECLARED_SELECTOR = YES;
				GCC_WARN_UNINITIALIZED_AUTOS = YES_AGGRESSIVE;
				GCC_WARN_UNUSED_FUNCTION = YES;
				GCC_WARN_UNUSED_VARIABLE = YES;
				IPHONEOS_DEPLOYMENT_TARGET = 9.3;
				MTL_ENABLE_DEBUG_INFO = YES;
				ONLY_ACTIVE_ARCH = YES;
				SDKROOT = iphoneos;
				TARGETED_DEVICE_FAMILY = "1,2";
			};
			name = Debug;
		};
		EF00BE551D06B055007BED2B /* Release */ = {
			isa = XCBuildConfiguration;
			buildSettings = {
				ALWAYS_SEARCH_USER_PATHS = NO;
				CLANG_ANALYZER_NONNULL = YES;
				CLANG_CXX_LANGUAGE_STANDARD = "gnu++0x";
				CLANG_CXX_LIBRARY = "libc++";
				CLANG_ENABLE_MODULES = YES;
				CLANG_ENABLE_OBJC_ARC = YES;
				CLANG_WARN_BOOL_CONVERSION = YES;
				CLANG_WARN_CONSTANT_CONVERSION = YES;
				CLANG_WARN_DIRECT_OBJC_ISA_USAGE = YES_ERROR;
				CLANG_WARN_EMPTY_BODY = YES;
				CLANG_WARN_ENUM_CONVERSION = YES;
				CLANG_WARN_INT_CONVERSION = YES;
				CLANG_WARN_OBJC_ROOT_CLASS = YES_ERROR;
				CLANG_WARN_UNREACHABLE_CODE = YES;
				CLANG_WARN__DUPLICATE_METHOD_MATCH = YES;
				"CODE_SIGN_IDENTITY[sdk=iphoneos*]" = "iPhone Developer";
				COPY_PHASE_STRIP = NO;
				DEBUG_INFORMATION_FORMAT = "dwarf-with-dsym";
				ENABLE_NS_ASSERTIONS = NO;
				ENABLE_STRICT_OBJC_MSGSEND = YES;
				GCC_C_LANGUAGE_STANDARD = gnu99;
				GCC_NO_COMMON_BLOCKS = YES;
				GCC_WARN_64_TO_32_BIT_CONVERSION = YES;
				GCC_WARN_ABOUT_RETURN_TYPE = YES_ERROR;
				GCC_WARN_UNDECLARED_SELECTOR = YES;
				GCC_WARN_UNINITIALIZED_AUTOS = YES_AGGRESSIVE;
				GCC_WARN_UNUSED_FUNCTION = YES;
				GCC_WARN_UNUSED_VARIABLE = YES;
				IPHONEOS_DEPLOYMENT_TARGET = 9.3;
				MTL_ENABLE_DEBUG_INFO = NO;
				SDKROOT = iphoneos;
				TARGETED_DEVICE_FAMILY = "1,2";
				VALIDATE_PRODUCT = YES;
			};
			name = Release;
		};
		EF00BE571D06B055007BED2B /* Debug */ = {
			isa = XCBuildConfiguration;
			buildSettings = {
				ASSETCATALOG_COMPILER_APPICON_NAME = AppIcon;
				INFOPLIST_FILE = DemoProject/Info.plist;
				LD_RUNPATH_SEARCH_PATHS = "$(inherited) @executable_path/Frameworks";
				PRODUCT_BUNDLE_IDENTIFIER = MS.DemoProject;
				PRODUCT_NAME = "$(TARGET_NAME)";
			};
			name = Debug;
		};
		EF00BE581D06B055007BED2B /* Release */ = {
			isa = XCBuildConfiguration;
			buildSettings = {
				ASSETCATALOG_COMPILER_APPICON_NAME = AppIcon;
				INFOPLIST_FILE = DemoProject/Info.plist;
				LD_RUNPATH_SEARCH_PATHS = "$(inherited) @executable_path/Frameworks";
				PRODUCT_BUNDLE_IDENTIFIER = MS.DemoProject;
				PRODUCT_NAME = "$(TARGET_NAME)";
			};
			name = Release;
		};
		EF00BE5A1D06B055007BED2B /* Debug */ = {
			isa = XCBuildConfiguration;
			buildSettings = {
				BUNDLE_LOADER = "$(TEST_HOST)";
				INFOPLIST_FILE = DemoProjectTests/Info.plist;
				LD_RUNPATH_SEARCH_PATHS = "$(inherited) @executable_path/Frameworks @loader_path/Frameworks";
				PRODUCT_BUNDLE_IDENTIFIER = MS.DemoProjectTests;
				PRODUCT_NAME = "$(TARGET_NAME)";
				TEST_HOST = "$(BUILT_PRODUCTS_DIR)/DemoProject.app/DemoProject";
			};
			name = Debug;
		};
		EF00BE5B1D06B055007BED2B /* Release */ = {
			isa = XCBuildConfiguration;
			buildSettings = {
				BUNDLE_LOADER = "$(TEST_HOST)";
				INFOPLIST_FILE = DemoProjectTests/Info.plist;
				LD_RUNPATH_SEARCH_PATHS = "$(inherited) @executable_path/Frameworks @loader_path/Frameworks";
				PRODUCT_BUNDLE_IDENTIFIER = MS.DemoProjectTests;
				PRODUCT_NAME = "$(TARGET_NAME)";
				TEST_HOST = "$(BUILT_PRODUCTS_DIR)/DemoProject.app/DemoProject";
			};
			name = Release;
		};
/* End XCBuildConfiguration section */

/* Begin XCConfigurationList section */
		EF00BE2F1D06B055007BED2B /* Build configuration list for PBXProject "DemoProject" */ = {
			isa = XCConfigurationList;
			buildConfigurations = (
				EF00BE541D06B055007BED2B /* Debug */,
				EF00BE551D06B055007BED2B /* Release */,
			);
			defaultConfigurationIsVisible = 0;
			defaultConfigurationName = Release;
		};
		EF00BE561D06B055007BED2B /* Build configuration list for PBXNativeTarget "DemoProject" */ = {
			isa = XCConfigurationList;
			buildConfigurations = (
				EF00BE571D06B055007BED2B /* Debug */,
				EF00BE581D06B055007BED2B /* Release */,
			);
			defaultConfigurationIsVisible = 0;
			defaultConfigurationName = Release;
		};
		EF00BE591D06B055007BED2B /* Build configuration list for PBXNativeTarget "DemoProjectTests" */ = {
			isa = XCConfigurationList;
			buildConfigurations = (
				EF00BE5A1D06B055007BED2B /* Debug */,
				EF00BE5B1D06B055007BED2B /* Release */,
			);
			defaultConfigurationIsVisible = 0;
			defaultConfigurationName = Release;
		};
/* End XCConfigurationList section */
	};
	rootObject = EF00BE2C1D06B055007BED2B /* Project object */;
}
